<?xml version="1.0" encoding="utf-8"?>
<Project ToolsVersion="4.0" xmlns="http://schemas.microsoft.com/developer/msbuild/2003">
  <ItemGroup>
    <FxCompile Include="Engine\Shader\DefaultPixelShader.hlsl">
      <Filter>Other</Filter>
    </FxCompile>
    <FxCompile Include="Engine\Shader\DefaultVertexShader.hlsl">
      <Filter>Other</Filter>
    </FxCompile>
  </ItemGroup>
  <ItemGroup>
    <ClCompile Include="Engine\Actor\Actor.cpp">
      <Filter>Other</Filter>
    </ClCompile>
    <ClCompile Include="Engine\Actor\Component\ActorComponent.cpp">
      <Filter>Other</Filter>
    </ClCompile>
    <ClCompile Include="Engine\Audio\AudioManager.cpp">
      <Filter>Other</Filter>
    </ClCompile>
    <ClCompile Include="Engine\Math\Bounds.cpp">
      <Filter>Other</Filter>
    </ClCompile>
    <ClCompile Include="Game\Actor\Box.cpp">
      <Filter>Other</Filter>
    </ClCompile>
    <ClCompile Include="Engine\Actor\Component\BoxColliderComponent.cpp">
      <Filter>Other</Filter>
    </ClCompile>
    <ClCompile Include="Engine\Actor\Component\CameraComponent.cpp">
      <Filter>Other</Filter>
    </ClCompile>
    <ClCompile Include="Game\Actor\Character\CharacterBase.cpp">
      <Filter>Other</Filter>
    </ClCompile>
    <ClCompile Include="Engine\Actor\Component\CircleColliderComponent.cpp">
      <Filter>Other</Filter>
    </ClCompile>
    <ClCompile Include="Client.cpp">
      <Filter>Other</Filter>
    </ClCompile>
    <ClCompile Include="Engine\Actor\Component\ColliderComponent.cpp">
      <Filter>Other</Filter>
    </ClCompile>
    <ClCompile Include="Engine\Math\Color.cpp">
      <Filter>Other</Filter>
    </ClCompile>
    <ClCompile Include="Engine\Core.cpp">
      <Filter>Other</Filter>
    </ClCompile>
    <ClCompile Include="Game\Actor\FollowCamera.cpp">
      <Filter>Other</Filter>
    </ClCompile>
    <ClCompile Include="Engine\GameEngine.cpp">
      <Filter>Other</Filter>
    </ClCompile>
    <ClCompile Include="Include\imgui\imgui.cpp">
      <Filter>Other</Filter>
    </ClCompile>
    <ClCompile Include="Include\imgui\imgui_demo.cpp">
      <Filter>Other</Filter>
    </ClCompile>
    <ClCompile Include="Include\imgui\imgui_draw.cpp">
      <Filter>Other</Filter>
    </ClCompile>
    <ClCompile Include="Include\imgui\imgui_impl_dx11.cpp">
      <Filter>Other</Filter>
    </ClCompile>
    <ClCompile Include="Include\imgui\imgui_impl_win32.cpp">
      <Filter>Other</Filter>
    </ClCompile>
    <ClCompile Include="Include\imgui\imgui_tables.cpp">
      <Filter>Other</Filter>
    </ClCompile>
    <ClCompile Include="Include\imgui\imgui_widgets.cpp">
      <Filter>Other</Filter>
    </ClCompile>
    <ClCompile Include="Engine\Windows\DX\IndexBuffer.cpp">
      <Filter>Other</Filter>
    </ClCompile>
    <ClCompile Include="Engine\Input\Keyboard.cpp">
      <Filter>Other</Filter>
    </ClCompile>
    <ClCompile Include="Engine\Level\Level.cpp">
      <Filter>Other</Filter>
    </ClCompile>
    <ClCompile Include="Engine\Math\Math.cpp">
      <Filter>Other</Filter>
    </ClCompile>
    <ClCompile Include="Game\Actor\Character\Player\PlayerController.cpp">
      <Filter>Other</Filter>
    </ClCompile>
    <ClCompile Include="Engine\Windows\DX\Renderer.cpp">
      <Filter>Other</Filter>
    </ClCompile>
    <ClCompile Include="Engine\Windows\DX\Shaders.cpp">
      <Filter>Other</Filter>
    </ClCompile>
    <ClCompile Include="Engine\Windows\DX\Shape.cpp">
      <Filter>Other</Filter>
    </ClCompile>
    <ClCompile Include="Engine\Windows\DX\ShapeBatch.cpp">
      <Filter>Other</Filter>
    </ClCompile>
    <ClCompile Include="Engine\Windows\DX\Sprite.cpp">
      <Filter>Other</Filter>
    </ClCompile>
    <ClCompile Include="Engine\Windows\DX\Texture.cpp">
      <Filter>Other</Filter>
    </ClCompile>
    <ClCompile Include="Game\Actor\Tilemap.cpp">
      <Filter>Other</Filter>
    </ClCompile>
    <ClCompile Include="Engine\Actor\Component\Tilemap\TilemapChunk.cpp">
      <Filter>Other</Filter>
    </ClCompile>
    <ClCompile Include="Engine\Actor\Component\Tilemap\TilemapComponent.cpp">
      <Filter>Other</Filter>
    </ClCompile>
    <ClCompile Include="Engine\Actor\Component\Tilemap\TilemapLayer.cpp">
      <Filter>Other</Filter>
    </ClCompile>
    <ClCompile Include="Engine\Time\Time.cpp">
      <Filter>Other</Filter>
    </ClCompile>
    <ClCompile Include="Engine\Time\TimerManager.cpp">
      <Filter>Other</Filter>
    </ClCompile>
    <ClCompile Include="Engine\Actor\Component\TransformComponent.cpp">
      <Filter>Other</Filter>
    </ClCompile>
    <ClCompile Include="Engine\Math\Vector2.cpp">
      <Filter>Other</Filter>
    </ClCompile>
    <ClCompile Include="Engine\Windows\DX\VertexBuffer.cpp">
      <Filter>Other</Filter>
    </ClCompile>
    <ClCompile Include="Engine\Windows\WindowsApplication.cpp">
      <Filter>Other</Filter>
    </ClCompile>
    <ClCompile Include="Engine\Windows\WindowsWindow.cpp">
      <Filter>Other</Filter>
    </ClCompile>
    <ClCompile Include="Engine\Level\World.cpp">
      <Filter>Other</Filter>
    </ClCompile>
    <ClCompile Include="Game\Map\MainMap.cpp">
      <Filter>UI</Filter>
    </ClCompile>
    <ClCompile Include="Engine\UI\Canvas.cpp">
      <Filter>UI\Base</Filter>
    </ClCompile>
    <ClCompile Include="Engine\Actor\Component\Animator\AnimationClip.cpp">
      <Filter>Animation</Filter>
    </ClCompile>
    <ClCompile Include="Engine\Actor\Component\Animator\AnimatorComponent.cpp">
      <Filter>Animation</Filter>
    </ClCompile>
    <ClCompile Include="Engine\Actor\Component\SpriteRendererComponent.cpp">
      <Filter>Animation</Filter>
    </ClCompile>
    <ClCompile Include="Game\GameInstance.cpp">
      <Filter>Other</Filter>
    </ClCompile>
    <ClCompile Include="Engine\Logger\Logger.cpp" />
    <ClCompile Include="Engine\Input\Mouse.cpp" />
    <ClCompile Include="pch.cpp" />
    <ClCompile Include="Engine\Data\DataManager.cpp" />
    <ClCompile Include="Engine\Math\Rect.cpp" />
    <ClCompile Include="Engine\Resource\Resource.cpp" />
    <ClCompile Include="Engine\Resource\ResourceManager.cpp" />
    <ClCompile Include="Engine\UI\Widget.cpp" />
    <ClCompile Include="Engine\UI\Widget\Button.cpp" />
    <ClCompile Include="Engine\UI\Widget\Image.cpp" />
    <ClCompile Include="Engine\Windows\DX\UITexture.cpp" />
    <ClCompile Include="Game\Map\SplashMap.cpp" />
    <ClCompile Include="Engine\Steam\SteamManager.cpp" />
    <ClCompile Include="Engine\UI\Widget\Text.cpp" />
    <ClCompile Include="Game\Map\MainMenu.cpp" />
    <ClCompile Include="Engine\Object.cpp" />
    <ClCompile Include="Game\Actor\Character\Player\States\PlayerIdleState.cpp" />
    <ClCompile Include="Game\Actor\StateMachine\State.cpp" />
    <ClCompile Include="Game\Actor\StateMachine\StateMachine.cpp" />
    <ClCompile Include="Engine\Actor\Component\CapsuleColliderComponent.cpp" />
    <ClCompile Include="Engine\Actor\Component\RigidBody2DComponent.cpp" />
    <ClCompile Include="Engine\DebugDrawHelpers.cpp" />
    <ClCompile Include="Engine\Physics\Physics2D.cpp" />
    <ClCompile Include="Game\Actor\Character\Player\States\PlayerAttack2State.cpp" />
    <ClCompile Include="Game\Actor\Character\Player\States\PlayerAttackState.cpp" />
    <ClCompile Include="Game\Actor\Character\Player\States\PlayerMoveState.cpp" />
    <ClCompile Include="Game\Actor\Test\Platform.cpp" />
  </ItemGroup>
  <ItemGroup>
    <ClInclude Include="Engine\Actor\Actor.h">
      <Filter>Other</Filter>
    </ClInclude>
    <ClInclude Include="Engine\Actor\Component\ActorComponent.h">
      <Filter>Other</Filter>
    </ClInclude>
    <ClInclude Include="Include\DirectXTK\Audio.h">
      <Filter>Other</Filter>
    </ClInclude>
    <ClInclude Include="Engine\Audio\AudioManager.h">
      <Filter>Other</Filter>
    </ClInclude>
    <ClInclude Include="Engine\Math\Bounds.h">
      <Filter>Other</Filter>
    </ClInclude>
    <ClInclude Include="Game\Actor\Box.h">
      <Filter>Other</Filter>
    </ClInclude>
    <ClInclude Include="Include\box2d\box2d.h">
      <Filter>Other</Filter>
    </ClInclude>
    <ClInclude Include="Engine\Actor\Component\BoxColliderComponent.h">
      <Filter>Other</Filter>
    </ClInclude>
    <ClInclude Include="Include\DirectXTK\BufferHelpers.h">
      <Filter>Other</Filter>
    </ClInclude>
    <ClInclude Include="Engine\Actor\Component\CameraComponent.h">
      <Filter>Other</Filter>
    </ClInclude>
    <ClInclude Include="Game\Actor\Character\CharacterBase.h">
      <Filter>Other</Filter>
    </ClInclude>
    <ClInclude Include="Engine\Actor\Component\CircleColliderComponent.h">
      <Filter>Other</Filter>
    </ClInclude>
    <ClInclude Include="Client.h">
      <Filter>Other</Filter>
    </ClInclude>
    <ClInclude Include="Engine\Actor\Component\ColliderComponent.h">
      <Filter>Other</Filter>
    </ClInclude>
    <ClInclude Include="Engine\Math\Color.h">
      <Filter>Other</Filter>
    </ClInclude>
    <ClInclude Include="Include\DirectXTK\CommonStates.h">
      <Filter>Other</Filter>
    </ClInclude>
    <ClInclude Include="Include\tmxlite\Config.hpp">
      <Filter>Other</Filter>
    </ClInclude>
    <ClInclude Include="Engine\Windows\DX\ConstantBuffer.h">
      <Filter>Other</Filter>
    </ClInclude>
    <ClInclude Include="Engine\Core.h">
      <Filter>Other</Filter>
    </ClInclude>
    <ClInclude Include="Include\DirectXTK\DDSTextureLoader.h">
      <Filter>Other</Filter>
    </ClInclude>
    <ClInclude Include="Engine\Misc\Delegate.h">
      <Filter>Other</Filter>
    </ClInclude>
    <ClInclude Include="Engine\Misc\DelegateMacros.h">
      <Filter>Other</Filter>
    </ClInclude>
    <ClInclude Include="Include\DirectXTK\DirectXHelpers.h">
      <Filter>Other</Filter>
    </ClInclude>
    <ClInclude Include="Include\DirectXTK\Effects.h">
      <Filter>Other</Filter>
    </ClInclude>
    <ClInclude Include="Engine\Misc\EngineMacros.h">
      <Filter>Other</Filter>
    </ClInclude>
    <ClInclude Include="Engine\Enums.h">
      <Filter>Other</Filter>
    </ClInclude>
    <ClInclude Include="Include\FMOD\fmod.h">
      <Filter>Other</Filter>
    </ClInclude>
    <ClInclude Include="Include\FMOD\fmod.hpp">
      <Filter>Other</Filter>
    </ClInclude>
    <ClInclude Include="Include\FMOD\fmod_codec.h">
      <Filter>Other</Filter>
    </ClInclude>
    <ClInclude Include="Include\FMOD\fmod_common.h">
      <Filter>Other</Filter>
    </ClInclude>
    <ClInclude Include="Include\FMOD\fmod_dsp.h">
      <Filter>Other</Filter>
    </ClInclude>
    <ClInclude Include="Include\FMOD\fmod_dsp_effects.h">
      <Filter>Other</Filter>
    </ClInclude>
    <ClInclude Include="Include\FMOD\fmod_errors.h">
      <Filter>Other</Filter>
    </ClInclude>
    <ClInclude Include="Include\FMOD\fmod_output.h">
      <Filter>Other</Filter>
    </ClInclude>
    <ClInclude Include="Game\Actor\FollowCamera.h">
      <Filter>Other</Filter>
    </ClInclude>
    <ClInclude Include="framework.h">
      <Filter>Other</Filter>
    </ClInclude>
    <ClInclude Include="Include\tmxlite\FreeFuncs.hpp">
      <Filter>Other</Filter>
    </ClInclude>
    <ClInclude Include="Engine\Misc\Function.h">
      <Filter>Other</Filter>
    </ClInclude>
    <ClInclude Include="Engine\GameEngine.h">
      <Filter>Other</Filter>
    </ClInclude>
    <ClInclude Include="Include\DirectXTK\GamePad.h">
      <Filter>Other</Filter>
    </ClInclude>
    <ClInclude Include="Include\DirectXTK\GeometricPrimitive.h">
      <Filter>Other</Filter>
    </ClInclude>
    <ClInclude Include="Include\DirectXTK\GraphicsMemory.h">
      <Filter>Other</Filter>
    </ClInclude>
    <ClInclude Include="Include\tmxlite\ImageLayer.hpp">
      <Filter>Other</Filter>
    </ClInclude>
    <ClInclude Include="Include\imgui\imconfig.h">
      <Filter>Other</Filter>
    </ClInclude>
    <ClInclude Include="Include\imgui\imgui.h">
      <Filter>Other</Filter>
    </ClInclude>
    <ClInclude Include="Include\imgui\imgui_impl_dx11.h">
      <Filter>Other</Filter>
    </ClInclude>
    <ClInclude Include="Include\imgui\imgui_impl_win32.h">
      <Filter>Other</Filter>
    </ClInclude>
    <ClInclude Include="Include\imgui\imgui_internal.h">
      <Filter>Other</Filter>
    </ClInclude>
    <ClInclude Include="Include\imgui\imstb_rectpack.h">
      <Filter>Other</Filter>
    </ClInclude>
    <ClInclude Include="Include\imgui\imstb_textedit.h">
      <Filter>Other</Filter>
    </ClInclude>
    <ClInclude Include="Include\imgui\imstb_truetype.h">
      <Filter>Other</Filter>
    </ClInclude>
    <ClInclude Include="Engine\Windows\DX\IndexBuffer.h">
      <Filter>Other</Filter>
    </ClInclude>
    <ClInclude Include="Include\DirectXTK\Keyboard.h">
      <Filter>Other</Filter>
    </ClInclude>
    <ClInclude Include="Engine\Input\Keyboard.h">
      <Filter>Other</Filter>
    </ClInclude>
    <ClInclude Include="Include\tmxlite\Layer.hpp">
      <Filter>Other</Filter>
    </ClInclude>
    <ClInclude Include="Include\tmxlite\LayerGroup.hpp">
      <Filter>Other</Filter>
    </ClInclude>
    <ClInclude Include="Engine\Level\Level.h">
      <Filter>Other</Filter>
    </ClInclude>
    <ClInclude Include="Include\tmxlite\Map.hpp">
      <Filter>Other</Filter>
    </ClInclude>
    <ClInclude Include="Engine\Math\Math.h">
      <Filter>Other</Filter>
    </ClInclude>
    <ClInclude Include="Engine\Math\MathTypes.h">
      <Filter>Other</Filter>
    </ClInclude>
    <ClInclude Include="Include\DirectXTK\Model.h">
      <Filter>Other</Filter>
    </ClInclude>
    <ClInclude Include="Include\DirectXTK\Mouse.h">
      <Filter>Other</Filter>
    </ClInclude>
    <ClInclude Include="Include\tmxlite\Object.hpp">
      <Filter>Other</Filter>
    </ClInclude>
    <ClInclude Include="Include\tmxlite\ObjectGroup.hpp">
      <Filter>Other</Filter>
    </ClInclude>
    <ClInclude Include="Include\tmxlite\ObjectTypes.hpp">
      <Filter>Other</Filter>
    </ClInclude>
    <ClInclude Include="Game\Actor\Character\Player\PlayerController.h">
      <Filter>Other</Filter>
    </ClInclude>
    <ClInclude Include="Include\DirectXTK\PostProcess.h">
      <Filter>Other</Filter>
    </ClInclude>
    <ClInclude Include="Include\DirectXTK\PrimitiveBatch.h">
      <Filter>Other</Filter>
    </ClInclude>
    <ClInclude Include="Game\ProjectSettings.h">
      <Filter>Other</Filter>
    </ClInclude>
    <ClInclude Include="Include\tmxlite\Property.hpp">
      <Filter>Other</Filter>
    </ClInclude>
    <ClInclude Include="Engine\Windows\DX\Renderer.h">
      <Filter>Other</Filter>
    </ClInclude>
    <ClInclude Include="resource.h">
      <Filter>Other</Filter>
    </ClInclude>
    <ClInclude Include="Include\DirectXTK\ScreenGrab.h">
      <Filter>Other</Filter>
    </ClInclude>
    <ClInclude Include="Engine\Windows\DX\Shaders.h">
      <Filter>Other</Filter>
    </ClInclude>
    <ClInclude Include="Engine\Windows\DX\Shape.h">
      <Filter>Other</Filter>
    </ClInclude>
    <ClInclude Include="Engine\Windows\DX\ShapeBatch.h">
      <Filter>Other</Filter>
    </ClInclude>
    <ClInclude Include="Include\DirectXTK\SimpleMath.h">
      <Filter>Other</Filter>
    </ClInclude>
    <ClInclude Include="Include\DirectXTK\SimpleMath.inl">
      <Filter>Other</Filter>
    </ClInclude>
    <ClInclude Include="Engine\Singleton.h">
      <Filter>Other</Filter>
    </ClInclude>
    <ClInclude Include="Engine\Windows\DX\Sprite.h">
      <Filter>Other</Filter>
    </ClInclude>
    <ClInclude Include="Include\DirectXTK\SpriteBatch.h">
      <Filter>Other</Filter>
    </ClInclude>
    <ClInclude Include="Include\DirectXTK\SpriteFont.h">
      <Filter>Other</Filter>
    </ClInclude>
    <ClInclude Include="targetver.h">
      <Filter>Other</Filter>
    </ClInclude>
    <ClInclude Include="Engine\Windows\DX\Texture.h">
      <Filter>Other</Filter>
    </ClInclude>
    <ClInclude Include="Include\tmxlite\TileLayer.hpp">
      <Filter>Other</Filter>
    </ClInclude>
    <ClInclude Include="Game\Actor\Tilemap.h">
      <Filter>Other</Filter>
    </ClInclude>
    <ClInclude Include="Engine\Actor\Component\Tilemap\TilemapChunk.h">
      <Filter>Other</Filter>
    </ClInclude>
    <ClInclude Include="Engine\Actor\Component\Tilemap\TilemapComponent.h">
      <Filter>Other</Filter>
    </ClInclude>
    <ClInclude Include="Engine\Actor\Component\Tilemap\TilemapLayer.h">
      <Filter>Other</Filter>
    </ClInclude>
    <ClInclude Include="Include\tmxlite\Tileset.hpp">
      <Filter>Other</Filter>
    </ClInclude>
    <ClInclude Include="Engine\Time\Time.h">
      <Filter>Other</Filter>
    </ClInclude>
    <ClInclude Include="Engine\Time\TimerManager.h">
      <Filter>Other</Filter>
    </ClInclude>
    <ClInclude Include="Engine\Actor\Component\TransformComponent.h">
      <Filter>Other</Filter>
    </ClInclude>
    <ClInclude Include="Include\tmxlite\Types.hpp">
      <Filter>Other</Filter>
    </ClInclude>
    <ClInclude Include="Include\tmxlite\Types.inl">
      <Filter>Other</Filter>
    </ClInclude>
    <ClInclude Include="Engine\Math\Vector2.h">
      <Filter>Other</Filter>
    </ClInclude>
    <ClInclude Include="Engine\Windows\DX\Vertex.h">
      <Filter>Other</Filter>
    </ClInclude>
    <ClInclude Include="Engine\Windows\DX\VertexBuffer.h">
      <Filter>Other</Filter>
    </ClInclude>
    <ClInclude Include="Include\DirectXTK\VertexTypes.h">
      <Filter>Other</Filter>
    </ClInclude>
    <ClInclude Include="Include\DirectXTK\WICTextureLoader.h">
      <Filter>Other</Filter>
    </ClInclude>
    <ClInclude Include="Engine\Windows\WindowDefinition.h">
      <Filter>Other</Filter>
    </ClInclude>
    <ClInclude Include="Engine\Windows\WindowsApplication.h">
      <Filter>Other</Filter>
    </ClInclude>
    <ClInclude Include="Engine\Windows\WindowsWindow.h">
      <Filter>Other</Filter>
    </ClInclude>
    <ClInclude Include="Engine\Level\World.h">
      <Filter>Other</Filter>
    </ClInclude>
    <ClInclude Include="Include\DirectXTK\XboxDDSTextureLoader.h">
      <Filter>Other</Filter>
    </ClInclude>
    <ClInclude Include="Game\Map\MainMap.h">
      <Filter>UI</Filter>
    </ClInclude>
    <ClInclude Include="Engine\UI\Canvas.h">
      <Filter>UI\Base</Filter>
    </ClInclude>
    <ClInclude Include="Engine\Actor\Component\Animator\AnimationClip.h">
      <Filter>Animation</Filter>
    </ClInclude>
    <ClInclude Include="Engine\Actor\Component\Animator\AnimatorComponent.h">
      <Filter>Animation</Filter>
    </ClInclude>
    <ClInclude Include="Engine\Actor\Component\SpriteRendererComponent.h">
      <Filter>Animation</Filter>
    </ClInclude>
    <ClInclude Include="Game\GameInstance.h">
      <Filter>Other</Filter>
    </ClInclude>
    <ClInclude Include="Engine\Logger\Logger.h" />
    <ClInclude Include="Engine\Input\Mouse.h" />
    <ClInclude Include="pch.h" />
    <ClInclude Include="Engine\Data\DataManager.h" />
    <ClInclude Include="Engine\Math\Rect.h" />
    <ClInclude Include="Engine\Resource\Resource.h" />
    <ClInclude Include="Engine\Resource\ResourceManager.h" />
    <ClInclude Include="Engine\UI\Widget.h" />
    <ClInclude Include="Engine\UI\Widget\Button.h" />
    <ClInclude Include="Engine\UI\Widget\Image.h" />
    <ClInclude Include="Engine\Windows\DX\UITexture.h" />
    <ClInclude Include="Game\Map\SplashMap.h" />
    <ClInclude Include="Include\steam\isteamapps.h" />
    <ClInclude Include="Include\steam\isteamappticket.h" />
    <ClInclude Include="Include\steam\isteamclient.h" />
    <ClInclude Include="Include\steam\isteamcontroller.h" />
    <ClInclude Include="Include\steam\isteamdualsense.h" />
    <ClInclude Include="Include\steam\isteamfriends.h" />
    <ClInclude Include="Include\steam\isteamgamecoordinator.h" />
    <ClInclude Include="Include\steam\isteamgameserver.h" />
    <ClInclude Include="Include\steam\isteamgameserverstats.h" />
    <ClInclude Include="Include\steam\isteamhtmlsurface.h" />
    <ClInclude Include="Include\steam\isteamhttp.h" />
    <ClInclude Include="Include\steam\isteaminput.h" />
    <ClInclude Include="Include\steam\isteaminventory.h" />
    <ClInclude Include="Include\steam\isteammatchmaking.h" />
    <ClInclude Include="Include\steam\isteammusic.h" />
    <ClInclude Include="Include\steam\isteammusicremote.h" />
    <ClInclude Include="Include\steam\isteamnetworking.h" />
    <ClInclude Include="Include\steam\isteamnetworkingmessages.h" />
    <ClInclude Include="Include\steam\isteamnetworkingsockets.h" />
    <ClInclude Include="Include\steam\isteamnetworkingutils.h" />
    <ClInclude Include="Include\steam\isteamparentalsettings.h" />
    <ClInclude Include="Include\steam\isteamps3overlayrenderer.h" />
    <ClInclude Include="Include\steam\isteamremoteplay.h" />
    <ClInclude Include="Include\steam\isteamremotestorage.h" />
    <ClInclude Include="Include\steam\isteamscreenshots.h" />
    <ClInclude Include="Include\steam\isteamtimeline.h" />
    <ClInclude Include="Include\steam\isteamugc.h" />
    <ClInclude Include="Include\steam\isteamuser.h" />
    <ClInclude Include="Include\steam\isteamuserstats.h" />
    <ClInclude Include="Include\steam\isteamutils.h" />
    <ClInclude Include="Include\steam\isteamvideo.h" />
    <ClInclude Include="Include\steam\matchmakingtypes.h" />
    <ClInclude Include="Include\steam\steamclientpublic.h" />
    <ClInclude Include="Include\steam\steamencryptedappticket.h" />
    <ClInclude Include="Include\steam\steamhttpenums.h" />
    <ClInclude Include="Include\steam\steamnetworkingfakeip.h" />
    <ClInclude Include="Include\steam\steamnetworkingtypes.h" />
    <ClInclude Include="Include\steam\steamps3params.h" />
    <ClInclude Include="Include\steam\steamtypes.h" />
    <ClInclude Include="Include\steam\steamuniverse.h" />
    <ClInclude Include="Include\steam\steam_api.h" />
    <ClInclude Include="Include\steam\steam_api_common.h" />
    <ClInclude Include="Include\steam\steam_api_flat.h" />
    <ClInclude Include="Include\steam\steam_api_internal.h" />
    <ClInclude Include="Include\steam\steam_gameserver.h" />
    <ClInclude Include="Engine\Steam\SteamManager.h" />
    <ClInclude Include="Engine\UI\Widget\Text.h" />
    <ClInclude Include="Game\Map\MainMenu.h" />
    <ClInclude Include="Engine\Object.h" />
    <ClInclude Include="Game\Actor\Character\Player\States\PlayerIdleState.h" />
    <ClInclude Include="Game\Actor\StateMachine\State.h" />
    <ClInclude Include="Game\Actor\StateMachine\StateMachine.h" />
    <ClInclude Include="Engine\Actor\Component\CapsuleColliderComponent.h" />
    <ClInclude Include="Engine\Actor\Component\RigidBody2DComponent.h" />
    <ClInclude Include="Engine\DebugDrawHelpers.h" />
    <ClInclude Include="Engine\Physics\Physics2D.h" />
    <ClInclude Include="Game\Actor\Character\Player\States\PlayerAttack2State.h" />
    <ClInclude Include="Game\Actor\Character\Player\States\PlayerAttackState.h" />
    <ClInclude Include="Game\Actor\Character\Player\States\PlayerMoveState.h" />
    <ClInclude Include="Game\Actor\Test\Platform.h" />
    <ClInclude Include="Include\box2d\base.h" />
    <ClInclude Include="Include\box2d\collision.h" />
    <ClInclude Include="Include\box2d\id.h" />
    <ClInclude Include="Include\box2d\math_functions.h" />
    <ClInclude Include="Include\box2d\types.h" />
  </ItemGroup>
  <ItemGroup>
    <Filter Include="Other">
      <UniqueIdentifier>{a7a2b893-d9d3-4d46-a65e-55a902cdef87}</UniqueIdentifier>
    </Filter>
    <Filter Include="UI">
      <UniqueIdentifier>{3f1fdae8-480f-43dc-9b77-d2d160d53c46}</UniqueIdentifier>
    </Filter>
    <Filter Include="UI\Base">
      <UniqueIdentifier>{39e9e138-ba43-4c96-ab84-c5ab4e68b701}</UniqueIdentifier>
    </Filter>
    <Filter Include="Animation">
      <UniqueIdentifier>{42ddda06-8f33-4d5f-af90-9eeb4d872622}</UniqueIdentifier>
    </Filter>
  </ItemGroup>
  <ItemGroup>
    <Image Include="Client.ico">
      <Filter>Other</Filter>
    </Image>
  </ItemGroup>
  <ItemGroup>
    <ResourceCompile Include="Resource.rc">
      <Filter>Other</Filter>
    </ResourceCompile>
  </ItemGroup>
</Project>